// !$*UTF8*$!
{
	archiveVersion = 1;
	classes = {
	};
	objectVersion = 51;
	objects = {

/* Begin PBXBuildFile section */
		007F5C4911F25B16842ED154 /* JSQMessagesCollectionView.m in Sources */ = {isa = PBXBuildFile; fileRef = E2274BDBED0991A07A2ACB5C /* JSQMessagesCollectionView.m */; };
		039DED2D62B5168C5098E813 /* JSQLocationMediaItem.m in Sources */ = {isa = PBXBuildFile; fileRef = BD2AF08AE9F2CDAABD00A304 /* JSQLocationMediaItem.m */; };
		05212EA60020879B02969987 /* JSQMessagesCollectionViewLayoutAttributes.m in Sources */ = {isa = PBXBuildFile; fileRef = A30A56AD3EB503C32C83F77E /* JSQMessagesCollectionViewLayoutAttributes.m */; };
		086AB382D6D9AE48A146869B /* NSString+JSQMessages.h in Headers */ = {isa = PBXBuildFile; fileRef = 41155EB0B0E6A1256CA107DD /* NSString+JSQMessages.h */; settings = {ATTRIBUTES = (Public, ); }; };
		132E1D566284B3200ABEB92A /* JSQMessagesLabel.h in Headers */ = {isa = PBXBuildFile; fileRef = 601679BB5BB9894C7B05101B /* JSQMessagesLabel.h */; settings = {ATTRIBUTES = (Public, ); }; };
		1A0DB1CC55233BCF571A2EF8 /* JSQMessagesBubblesSizeCalculator.m in Sources */ = {isa = PBXBuildFile; fileRef = FEDFA7EB3230A889B94EE137 /* JSQMessagesBubblesSizeCalculator.m */; };
		1AE7E56ACD3304DA920E48F2 /* UIView+JSQMessages.h in Headers */ = {isa = PBXBuildFile; fileRef = DDE4B9213CCA8DE55B22EE2A /* UIView+JSQMessages.h */; settings = {ATTRIBUTES = (Public, ); }; };
		1F3AE507F4ABEC169AF1EDE2 /* JSQMessagesToolbarButtonFactory.h in Headers */ = {isa = PBXBuildFile; fileRef = 39C69C78FE25A950A83EA40C /* JSQMessagesToolbarButtonFactory.h */; settings = {ATTRIBUTES = (Public, ); }; };
		1F410A96A57C190962B49064 /* JSQMessagesVideoThumbnailFactory.m in Sources */ = {isa = PBXBuildFile; fileRef = 3204F2E73D9FF7AF7F50269D /* JSQMessagesVideoThumbnailFactory.m */; };
		21F55BCF11BEABC80C5F2914 /* JSQMessagesViewAccessoryButtonDelegate.h in Headers */ = {isa = PBXBuildFile; fileRef = 1BBEE654D344393C15AD8542 /* JSQMessagesViewAccessoryButtonDelegate.h */; settings = {ATTRIBUTES = (Public, ); }; };
		22726E8C113CFDD337E3D719 /* JSQMessagesCollectionViewFlowLayoutInvalidationContext.m in Sources */ = {isa = PBXBuildFile; fileRef = C16E8AE54D9F7737B049B3E6 /* JSQMessagesCollectionViewFlowLayoutInvalidationContext.m */; };
		227AE591E841AC329AE223BF /* JSQMessagesMediaPlaceholderView.m in Sources */ = {isa = PBXBuildFile; fileRef = 3B9A777EC28EB93D11250CBA /* JSQMessagesMediaPlaceholderView.m */; };
		2325E4B07DABA6AE493D8A93 /* JSQMessagesCellTextView.h in Headers */ = {isa = PBXBuildFile; fileRef = 5915C5851EDEB9F50A8A839F /* JSQMessagesCellTextView.h */; settings = {ATTRIBUTES = (Public, ); }; };
		2734C5D0B7B9F2631F06C577 /* JSQMessagesAvatarImage.h in Headers */ = {isa = PBXBuildFile; fileRef = 80AF56438887F97CCE58781E /* JSQMessagesAvatarImage.h */; settings = {ATTRIBUTES = (Public, ); }; };
		2A931DFD92B243D9AA04B52E /* JSQMessagesViewController.xib in Resources */ = {isa = PBXBuildFile; fileRef = 854E0820E23673B1B78CA97C /* JSQMessagesViewController.xib */; };
		2A972603DAA95398418D36ED /* JSQMessagesBubbleSizeCalculating.h in Headers */ = {isa = PBXBuildFile; fileRef = 56A9A3579DF6FB268E283A91 /* JSQMessagesBubbleSizeCalculating.h */; settings = {ATTRIBUTES = (Public, ); }; };
		2CEB3EC13653B1EC1C7F3A96 /* JSQMessagesVideoThumbnailFactory.h in Headers */ = {isa = PBXBuildFile; fileRef = 27289675E38C683218394AD8 /* JSQMessagesVideoThumbnailFactory.h */; settings = {ATTRIBUTES = (Public, ); }; };
		2FE6C998BD5CFD999B3A1D4B /* JSQMessagesTimestampFormatter.m in Sources */ = {isa = PBXBuildFile; fileRef = 978D11E0E94AD92885688102 /* JSQMessagesTimestampFormatter.m */; };
		31A8E66243EEF35EA3A47C48 /* JSQMessagesCollectionViewCellOutgoing.h in Headers */ = {isa = PBXBuildFile; fileRef = 0A99B61A3E0C4630018F69CA /* JSQMessagesCollectionViewCellOutgoing.h */; settings = {ATTRIBUTES = (Public, ); }; };
		32F957AF2C04430C66468259 /* JSQMessagesLoadEarlierHeaderView.m in Sources */ = {isa = PBXBuildFile; fileRef = 4DCD58602AE56F4807EF4498 /* JSQMessagesLoadEarlierHeaderView.m */; };
		33332248757317D63604AE53 /* JSQPhotoMediaItem.m in Sources */ = {isa = PBXBuildFile; fileRef = 1025B7789100F26D0DA5FF4E /* JSQPhotoMediaItem.m */; };
		3C7729CEA9EF943122C000DF /* JSQMessagesTypingIndicatorFooterView.h in Headers */ = {isa = PBXBuildFile; fileRef = 644F1E512276BE9C7460A052 /* JSQMessagesTypingIndicatorFooterView.h */; settings = {ATTRIBUTES = (Public, ); }; };
		3EFEB74618EA31F79B2C9331 /* JSQMessagesToolbarContentView.xib in Resources */ = {isa = PBXBuildFile; fileRef = 63E64E15DA89F5D512C5A12F /* JSQMessagesToolbarContentView.xib */; };
		48228CB0C3937A720014E74A /* JSQMessagesBubbleImage.m in Sources */ = {isa = PBXBuildFile; fileRef = AEE6F6E9F9549E358A5F1532 /* JSQMessagesBubbleImage.m */; };
		483C3122892C0B3C5E8D0A49 /* JSQMessagesTypingView.h in Headers */ = {isa = PBXBuildFile; fileRef = 614A04BB6C695C51D3D3B56D /* JSQMessagesTypingView.h */; settings = {ATTRIBUTES = (Public, ); }; };
		4AE338B28144215904F4C08B /* JSQMessagesCollectionViewCell.m in Sources */ = {isa = PBXBuildFile; fileRef = AFA809C657F6AFA99C7C026C /* JSQMessagesCollectionViewCell.m */; };
		51502CBF83F600C437602A3E /* JSQMessagesTimestampFormatter.h in Headers */ = {isa = PBXBuildFile; fileRef = 9BE6406172F143EE662F492B /* JSQMessagesTimestampFormatter.h */; settings = {ATTRIBUTES = (Public, ); }; };
		5518EFB06158F9576A18601A /* JSQMessagesBubbleImage.h in Headers */ = {isa = PBXBuildFile; fileRef = 0578BD41E098F5B569EF12AE /* JSQMessagesBubbleImage.h */; settings = {ATTRIBUTES = (Public, ); }; };
		56353A8D06D8BC54FC3112F9 /* JSQMessagesLoadEarlierHeaderView.xib in Resources */ = {isa = PBXBuildFile; fileRef = 7A172F598724C049171DDB6D /* JSQMessagesLoadEarlierHeaderView.xib */; };
		57868A2E7EB50F1EF6686492 /* JSQMessagesCollectionViewCellIncoming.h in Headers */ = {isa = PBXBuildFile; fileRef = 496970C71CABB43F63569DC3 /* JSQMessagesCollectionViewCellIncoming.h */; settings = {ATTRIBUTES = (Public, ); }; };
		58EA935AAC8A66E742A99B02 /* JSQMessagesCollectionViewDataSource.h in Headers */ = {isa = PBXBuildFile; fileRef = D39E0852B1E19CD560F9416C /* JSQMessagesCollectionViewDataSource.h */; settings = {ATTRIBUTES = (Public, ); }; };
		5B03E51176C4D837178AC759 /* UIColor+JSQMessages.h in Headers */ = {isa = PBXBuildFile; fileRef = 38EF39CCAD06391FD1F67C5B /* UIColor+JSQMessages.h */; settings = {ATTRIBUTES = (Public, ); }; };
		5B1448969BB5BD92756DE363 /* JSQMessagesLoadEarlierHeaderView.h in Headers */ = {isa = PBXBuildFile; fileRef = 41626F65499FB96D76B7C409 /* JSQMessagesLoadEarlierHeaderView.h */; settings = {ATTRIBUTES = (Public, ); }; };
		5CD1A1F0FCC106F25920C3FF /* UIColor+JSQMessages.m in Sources */ = {isa = PBXBuildFile; fileRef = FB90EE5ACD5AD9D49FAE1BCF /* UIColor+JSQMessages.m */; };
		611F27483EDCF0D44EE77615 /* JSQAudioMediaItem.m in Sources */ = {isa = PBXBuildFile; fileRef = 940D1BA766CC6666E04EBFB5 /* JSQAudioMediaItem.m */; };
		635002251D763E3610438D08 /* JSQMessagesAvatarImageFactory.m in Sources */ = {isa = PBXBuildFile; fileRef = 599D660C5503CB66132CA6B9 /* JSQMessagesAvatarImageFactory.m */; };
		641E143D1F6DA38467C54004 /* JSQMessagesBubblesSizeCalculator.h in Headers */ = {isa = PBXBuildFile; fileRef = 6FFA3631C4A09E1488366B5C /* JSQMessagesBubblesSizeCalculator.h */; settings = {ATTRIBUTES = (Public, ); }; };
		67B3A4995662BD7377C41DA2 /* JSQMessageMediaData.h in Headers */ = {isa = PBXBuildFile; fileRef = 3F2D8A5987452DEDCA4B305D /* JSQMessageMediaData.h */; settings = {ATTRIBUTES = (Public, ); }; };
		69972AB040740ED2548FE82E /* JSQMessagesTypingIndicatorFooterView.xib in Resources */ = {isa = PBXBuildFile; fileRef = 38C35AA6DDDDFC83725040E7 /* JSQMessagesTypingIndicatorFooterView.xib */; };
		6CE19A503C2371855156AE7D /* NSBundle+JSQMessages.m in Sources */ = {isa = PBXBuildFile; fileRef = 7FE277AC4D4832B189DE53C3 /* NSBundle+JSQMessages.m */; };
		6E1B68FD241A4541E4AB488A /* JSQMessagesTypingView.m in Sources */ = {isa = PBXBuildFile; fileRef = 03E08CE4148B58E8A335CE08 /* JSQMessagesTypingView.m */; };
		6FF66606BA9ECD2825F61E70 /* JSQMessagesCollectionViewFlowLayout.m in Sources */ = {isa = PBXBuildFile; fileRef = 800D1632A518664CF7B61C51 /* JSQMessagesCollectionViewFlowLayout.m */; };
		700F758E39A2F60BD9918FA7 /* JSQMessagesAvatarImageFactory.h in Headers */ = {isa = PBXBuildFile; fileRef = 85E720D5099C5BF8CA6DD731 /* JSQMessagesAvatarImageFactory.h */; settings = {ATTRIBUTES = (Public, ); }; };
		719F1E14DD04C56135338904 /* JSQMessagesInputToolbar.m in Sources */ = {isa = PBXBuildFile; fileRef = 8833191DA959DB5E6CF47F27 /* JSQMessagesInputToolbar.m */; };
		7236C4570E26F33EC4BF061F /* JSQMessagesCollectionViewDelegateFlowLayout.h in Headers */ = {isa = PBXBuildFile; fileRef = 39D4AB345A047B9DB6CE042A /* JSQMessagesCollectionViewDelegateFlowLayout.h */; settings = {ATTRIBUTES = (Public, ); }; };
		7D13F76EE6B4D1AFE603AD0A /* JSQMessagesViewController.m in Sources */ = {isa = PBXBuildFile; fileRef = 83FA9F77197034D6F216F6C0 /* JSQMessagesViewController.m */; };
		80FA946A0175D3ADD125DFFC /* JSQMessagesToolbarContentView.m in Sources */ = {isa = PBXBuildFile; fileRef = 81529ED3E9FC7E7386B1135E /* JSQMessagesToolbarContentView.m */; };
		81BC8FC3B5DB1C6140BE2261 /* JSQMessagesBubbleImageFactory.h in Headers */ = {isa = PBXBuildFile; fileRef = 8F05C7E6128AE8DE86F90FD8 /* JSQMessagesBubbleImageFactory.h */; settings = {ATTRIBUTES = (Public, ); }; };
		81F92DDF87D98D90DE1D1716 /* JSQMessagesCollectionViewCellIncoming.xib in Resources */ = {isa = PBXBuildFile; fileRef = C4899C389797DCB9211E6EAD /* JSQMessagesCollectionViewCellIncoming.xib */; };
		879EC0A9C24F293100075AAA /* JSQMessagesComposerTextView.h in Headers */ = {isa = PBXBuildFile; fileRef = D96AD2C793F717E4F400893E /* JSQMessagesComposerTextView.h */; settings = {ATTRIBUTES = (Public, ); }; };
		87A6B5202194365830FB8E59 /* JSQMessagesCollectionViewFlowLayout.h in Headers */ = {isa = PBXBuildFile; fileRef = 94CED28CDF4AA38EC7C80B63 /* JSQMessagesCollectionViewFlowLayout.h */; settings = {ATTRIBUTES = (Public, ); }; };
		880831A6725EA6DF6667A46A /* JSQMessageData.h in Headers */ = {isa = PBXBuildFile; fileRef = C556D29B4FF47DE5F82022A1 /* JSQMessageData.h */; settings = {ATTRIBUTES = (Public, ); }; };
		8C7668E5CD4D4A36C95EB598 /* JSQMessagesMediaViewBubbleImageMasker.h in Headers */ = {isa = PBXBuildFile; fileRef = 0541504ED6CDFE6CFC7F694E /* JSQMessagesMediaViewBubbleImageMasker.h */; settings = {ATTRIBUTES = (Public, ); }; };
		8F8AE7EA9822F6BBB1323B6D /* UIImage+JSQMessages.h in Headers */ = {isa = PBXBuildFile; fileRef = 5462D76E5AB0C1A2800D5011 /* UIImage+JSQMessages.h */; settings = {ATTRIBUTES = (Public, ); }; };
		94A9FCD4961DBB1017475064 /* JSQMessage.m in Sources */ = {isa = PBXBuildFile; fileRef = 39FF1D2E470276D834AAE9BF /* JSQMessage.m */; };
		968C5078C29CC62539C1A28C /* JSQMessagesCollectionViewFlowLayoutInvalidationContext.h in Headers */ = {isa = PBXBuildFile; fileRef = 6626BA26868F1A19BFF4F7DD /* JSQMessagesCollectionViewFlowLayoutInvalidationContext.h */; settings = {ATTRIBUTES = (Public, ); }; };
		980EA741376B316772496EB7 /* JSQLocationMediaItem.h in Headers */ = {isa = PBXBuildFile; fileRef = C916AF59620E2ECE9442A47D /* JSQLocationMediaItem.h */; settings = {ATTRIBUTES = (Public, ); }; };
		98B23DC087476FD69F790089 /* NSBundle+JSQMessages.h in Headers */ = {isa = PBXBuildFile; fileRef = EC6D3FD0373AA49577830131 /* NSBundle+JSQMessages.h */; settings = {ATTRIBUTES = (Public, ); }; };
		9F5A3E6B6D8DE11E1C47B876 /* JSQMessagesCellTextView.m in Sources */ = {isa = PBXBuildFile; fileRef = 3080950AF0E80E2A66E7148B /* JSQMessagesCellTextView.m */; };
		A6F1FD7B8F28231010058DE1 /* JSQMessagesCollectionViewLayoutAttributes.h in Headers */ = {isa = PBXBuildFile; fileRef = 052DEF2C4A70A4567F5D7CC5 /* JSQMessagesCollectionViewLayoutAttributes.h */; settings = {ATTRIBUTES = (Public, ); }; };
		A7A20A71F3B8653BFECE4B6B /* JSQMessagesInputToolbar.h in Headers */ = {isa = PBXBuildFile; fileRef = 540C600E1ECD80FCBD853BC9 /* JSQMessagesInputToolbar.h */; settings = {ATTRIBUTES = (Public, ); }; };
		A9AEDF6B2B2E282EED43AC27 /* UIView+JSQMessages.m in Sources */ = {isa = PBXBuildFile; fileRef = A27AFB93B504E1DB5ED165B9 /* UIView+JSQMessages.m */; };
		B0968D5A1C44DCC93210543B /* NSString+JSQMessages.m in Sources */ = {isa = PBXBuildFile; fileRef = F7A1E8BF866887DA155FD1E0 /* NSString+JSQMessages.m */; };
		B63C3341D92A5DAD2ECBF292 /* JSQMessagesMediaViewBubbleImageMasker.m in Sources */ = {isa = PBXBuildFile; fileRef = EF53367F2098FC30F12265A1 /* JSQMessagesMediaViewBubbleImageMasker.m */; };
		B8521AC74A109362EB5A0870 /* JSQMessagesViewController.h in Headers */ = {isa = PBXBuildFile; fileRef = 3B019366E6A0309AEB0FE30E /* JSQMessagesViewController.h */; settings = {ATTRIBUTES = (Public, ); }; };
		BBF8FD07C448A354DCDA441D /* JSQMessagesAvatarImage.m in Sources */ = {isa = PBXBuildFile; fileRef = 3FF32297B6A159009368D342 /* JSQMessagesAvatarImage.m */; };
		BDD3EF0B36B017EBDB5C341C /* JSQVideoMediaItem.h in Headers */ = {isa = PBXBuildFile; fileRef = DB47E6F7E2C3B77D339CBD66 /* JSQVideoMediaItem.h */; settings = {ATTRIBUTES = (Public, ); }; };
		BDDB4CFE52E9DCF558E00755 /* JSQMessagesAssets.bundle in Resources */ = {isa = PBXBuildFile; fileRef = F0AD69A66FA114A3D320AC07 /* JSQMessagesAssets.bundle */; };
		C027C0224A8896C1F809C40B /* JSQMessagesBubbleImageFactory.m in Sources */ = {isa = PBXBuildFile; fileRef = 4EF3797E7569AFEAEF105D07 /* JSQMessagesBubbleImageFactory.m */; };
		C170D4FAEB5EEF0E8DE1F854 /* JSQMessagesCollectionViewCellIncoming.m in Sources */ = {isa = PBXBuildFile; fileRef = D094D3B854028CFDE8592943 /* JSQMessagesCollectionViewCellIncoming.m */; };
		C280D55C6D58AA39A3DC3496 /* JSQAudioMediaItem.h in Headers */ = {isa = PBXBuildFile; fileRef = 3C73017703F027DEDBB87714 /* JSQAudioMediaItem.h */; settings = {ATTRIBUTES = (Public, ); }; };
		C358FD75A3A3B16604B4EF01 /* JSQMessageBubbleImageDataSource.h in Headers */ = {isa = PBXBuildFile; fileRef = 53D1B532BA29A29E1C30043A /* JSQMessageBubbleImageDataSource.h */; settings = {ATTRIBUTES = (Public, ); }; };
		C3C8305DD730E00C2C07E056 /* JSQMessages.h in Headers */ = {isa = PBXBuildFile; fileRef = 4D6ECCA5D75DD15B0A0F6BF9 /* JSQMessages.h */; settings = {ATTRIBUTES = (Public, ); }; };
		C6193E286266FE37DBF098FF /* JSQMessage.h in Headers */ = {isa = PBXBuildFile; fileRef = 44A9515015106A07AFB6BB1F /* JSQMessage.h */; settings = {ATTRIBUTES = (Public, ); }; };
		C640999A2A3D2031A8F6BBC2 /* JSQMessagesCollectionViewCellOutgoing.xib in Resources */ = {isa = PBXBuildFile; fileRef = F16B49FD473CEFC03CFF8643 /* JSQMessagesCollectionViewCellOutgoing.xib */; };
		C70439ADBA422E1D3D1ADEB9 /* JSQAudioMediaViewAttributes.m in Sources */ = {isa = PBXBuildFile; fileRef = 81935F5F6E053DD153178D13 /* JSQAudioMediaViewAttributes.m */; };
		C73C3CC22DABBFCDD98B8BDF /* JSQMessagesLabel.m in Sources */ = {isa = PBXBuildFile; fileRef = 1E7748B91783CA18CA6F628C /* JSQMessagesLabel.m */; };
		C8984B7F57D8C770A151074A /* UIImage+JSQMessages.m in Sources */ = {isa = PBXBuildFile; fileRef = 1EBC7417816D7D8970F3970E /* UIImage+JSQMessages.m */; };
		CC2F3D8367AE39D64CE856D9 /* JSQVideoMediaItem.m in Sources */ = {isa = PBXBuildFile; fileRef = D41AFC7136C0FC989D0CCB50 /* JSQVideoMediaItem.m */; };
		CC4504C253707DFA0F90E2EA /* JSQMediaItem.h in Headers */ = {isa = PBXBuildFile; fileRef = 09F2A2D3E2073C87572D9D90 /* JSQMediaItem.h */; settings = {ATTRIBUTES = (Public, ); }; };
		CEECD460F215CF4DE335DD8D /* JSQMessageAvatarImageDataSource.h in Headers */ = {isa = PBXBuildFile; fileRef = 82D282F79CA259329315DAEC /* JSQMessageAvatarImageDataSource.h */; settings = {ATTRIBUTES = (Public, ); }; };
		D510F6C8FDE9B3EFBE7D6979 /* JSQPhotoMediaItem.h in Headers */ = {isa = PBXBuildFile; fileRef = A22B0A43523668DCA7F2F4AD /* JSQPhotoMediaItem.h */; settings = {ATTRIBUTES = (Public, ); }; };
		D81ED42EF6B4B75F3F7861FF /* JSQMessagesComposerTextView.m in Sources */ = {isa = PBXBuildFile; fileRef = DEC370DF3B0AF6FF2B6039E4 /* JSQMessagesComposerTextView.m */; };
		DBD51018E7EC6FF290F2D101 /* JSQAudioMediaViewAttributes.h in Headers */ = {isa = PBXBuildFile; fileRef = A679C1EE95C0CA8BB01B9741 /* JSQAudioMediaViewAttributes.h */; settings = {ATTRIBUTES = (Public, ); }; };
		DD75F2E9C2C973EAE692793B /* JSQMessagesCollectionViewCellOutgoing.m in Sources */ = {isa = PBXBuildFile; fileRef = E394E37E6317E28E7A3BB69F /* JSQMessagesCollectionViewCellOutgoing.m */; };
		DF2BE8AAD2097B021F9A4FEC /* JSQMediaItem.m in Sources */ = {isa = PBXBuildFile; fileRef = E023CE11DC425AD67667B1CC /* JSQMediaItem.m */; };
		E0C81BCF4DE264808EFB185F /* JSQMessagesToolbarContentView.h in Headers */ = {isa = PBXBuildFile; fileRef = 622945986712E3EBDF290307 /* JSQMessagesToolbarContentView.h */; settings = {ATTRIBUTES = (Public, ); }; };
		E7A1FBBC0BDB9BEC6C98540A /* JSQMessagesCollectionViewCell.h in Headers */ = {isa = PBXBuildFile; fileRef = 5A7D4089E0789F4D9EF96330 /* JSQMessagesCollectionViewCell.h */; settings = {ATTRIBUTES = (Public, ); }; };
		EC63C5C2A24970471E3B6483 /* JSQMessagesTypingIndicatorFooterView.m in Sources */ = {isa = PBXBuildFile; fileRef = 85AFF1EFBAB5F384B1160C61 /* JSQMessagesTypingIndicatorFooterView.m */; };
		F018F3F47F79CA518D6379C6 /* JSQMessagesCollectionView.h in Headers */ = {isa = PBXBuildFile; fileRef = 6B125D06E0CF998A4FFFB326 /* JSQMessagesCollectionView.h */; settings = {ATTRIBUTES = (Public, ); }; };
		FCCA9AE46FC9EFF0C8BA4F8F /* JSQMessagesMediaPlaceholderView.h in Headers */ = {isa = PBXBuildFile; fileRef = AF5E6A274CBBBA4DFE740F86 /* JSQMessagesMediaPlaceholderView.h */; settings = {ATTRIBUTES = (Public, ); }; };
		FF6E49757C1330F3EA3AC677 /* JSQMessagesToolbarButtonFactory.m in Sources */ = {isa = PBXBuildFile; fileRef = 965D8D38D8C89AB1ACFFB736 /* JSQMessagesToolbarButtonFactory.m */; };
/* End PBXBuildFile section */

/* Begin PBXFileReference section */
		03E08CE4148B58E8A335CE08 /* JSQMessagesTypingView.m */ = {isa = PBXFileReference; lastKnownFileType = sourcecode.c.objc; path = JSQMessagesTypingView.m; sourceTree = "<group>"; };
		052DEF2C4A70A4567F5D7CC5 /* JSQMessagesCollectionViewLayoutAttributes.h */ = {isa = PBXFileReference; lastKnownFileType = sourcecode.c.h; path = JSQMessagesCollectionViewLayoutAttributes.h; sourceTree = "<group>"; };
		0541504ED6CDFE6CFC7F694E /* JSQMessagesMediaViewBubbleImageMasker.h */ = {isa = PBXFileReference; lastKnownFileType = sourcecode.c.h; path = JSQMessagesMediaViewBubbleImageMasker.h; sourceTree = "<group>"; };
		0578BD41E098F5B569EF12AE /* JSQMessagesBubbleImage.h */ = {isa = PBXFileReference; lastKnownFileType = sourcecode.c.h; path = JSQMessagesBubbleImage.h; sourceTree = "<group>"; };
		09F2A2D3E2073C87572D9D90 /* JSQMediaItem.h */ = {isa = PBXFileReference; lastKnownFileType = sourcecode.c.h; path = JSQMediaItem.h; sourceTree = "<group>"; };
		0A99B61A3E0C4630018F69CA /* JSQMessagesCollectionViewCellOutgoing.h */ = {isa = PBXFileReference; lastKnownFileType = sourcecode.c.h; path = JSQMessagesCollectionViewCellOutgoing.h; sourceTree = "<group>"; };
		1025B7789100F26D0DA5FF4E /* JSQPhotoMediaItem.m */ = {isa = PBXFileReference; lastKnownFileType = sourcecode.c.objc; path = JSQPhotoMediaItem.m; sourceTree = "<group>"; };
		1BBEE654D344393C15AD8542 /* JSQMessagesViewAccessoryButtonDelegate.h */ = {isa = PBXFileReference; lastKnownFileType = sourcecode.c.h; path = JSQMessagesViewAccessoryButtonDelegate.h; sourceTree = "<group>"; };
		1E7748B91783CA18CA6F628C /* JSQMessagesLabel.m */ = {isa = PBXFileReference; lastKnownFileType = sourcecode.c.objc; path = JSQMessagesLabel.m; sourceTree = "<group>"; };
		1EBC7417816D7D8970F3970E /* UIImage+JSQMessages.m */ = {isa = PBXFileReference; lastKnownFileType = sourcecode.c.objc; path = "UIImage+JSQMessages.m"; sourceTree = "<group>"; };
		27289675E38C683218394AD8 /* JSQMessagesVideoThumbnailFactory.h */ = {isa = PBXFileReference; lastKnownFileType = sourcecode.c.h; path = JSQMessagesVideoThumbnailFactory.h; sourceTree = "<group>"; };
		3080950AF0E80E2A66E7148B /* JSQMessagesCellTextView.m */ = {isa = PBXFileReference; lastKnownFileType = sourcecode.c.objc; path = JSQMessagesCellTextView.m; sourceTree = "<group>"; };
		3204F2E73D9FF7AF7F50269D /* JSQMessagesVideoThumbnailFactory.m */ = {isa = PBXFileReference; lastKnownFileType = sourcecode.c.objc; path = JSQMessagesVideoThumbnailFactory.m; sourceTree = "<group>"; };
		38C35AA6DDDDFC83725040E7 /* JSQMessagesTypingIndicatorFooterView.xib */ = {isa = PBXFileReference; lastKnownFileType = file.xib; path = JSQMessagesTypingIndicatorFooterView.xib; sourceTree = "<group>"; };
		38EF39CCAD06391FD1F67C5B /* UIColor+JSQMessages.h */ = {isa = PBXFileReference; lastKnownFileType = sourcecode.c.h; path = "UIColor+JSQMessages.h"; sourceTree = "<group>"; };
		39C69C78FE25A950A83EA40C /* JSQMessagesToolbarButtonFactory.h */ = {isa = PBXFileReference; lastKnownFileType = sourcecode.c.h; path = JSQMessagesToolbarButtonFactory.h; sourceTree = "<group>"; };
		39D4AB345A047B9DB6CE042A /* JSQMessagesCollectionViewDelegateFlowLayout.h */ = {isa = PBXFileReference; lastKnownFileType = sourcecode.c.h; path = JSQMessagesCollectionViewDelegateFlowLayout.h; sourceTree = "<group>"; };
		39FF1D2E470276D834AAE9BF /* JSQMessage.m */ = {isa = PBXFileReference; lastKnownFileType = sourcecode.c.objc; path = JSQMessage.m; sourceTree = "<group>"; };
		3B019366E6A0309AEB0FE30E /* JSQMessagesViewController.h */ = {isa = PBXFileReference; lastKnownFileType = sourcecode.c.h; path = JSQMessagesViewController.h; sourceTree = "<group>"; };
		3B9A777EC28EB93D11250CBA /* JSQMessagesMediaPlaceholderView.m */ = {isa = PBXFileReference; lastKnownFileType = sourcecode.c.objc; path = JSQMessagesMediaPlaceholderView.m; sourceTree = "<group>"; };
		3C73017703F027DEDBB87714 /* JSQAudioMediaItem.h */ = {isa = PBXFileReference; lastKnownFileType = sourcecode.c.h; path = JSQAudioMediaItem.h; sourceTree = "<group>"; };
		3F2D8A5987452DEDCA4B305D /* JSQMessageMediaData.h */ = {isa = PBXFileReference; lastKnownFileType = sourcecode.c.h; path = JSQMessageMediaData.h; sourceTree = "<group>"; };
		3FF32297B6A159009368D342 /* JSQMessagesAvatarImage.m */ = {isa = PBXFileReference; lastKnownFileType = sourcecode.c.objc; path = JSQMessagesAvatarImage.m; sourceTree = "<group>"; };
		41155EB0B0E6A1256CA107DD /* NSString+JSQMessages.h */ = {isa = PBXFileReference; lastKnownFileType = sourcecode.c.h; path = "NSString+JSQMessages.h"; sourceTree = "<group>"; };
		41626F65499FB96D76B7C409 /* JSQMessagesLoadEarlierHeaderView.h */ = {isa = PBXFileReference; lastKnownFileType = sourcecode.c.h; path = JSQMessagesLoadEarlierHeaderView.h; sourceTree = "<group>"; };
		44A9515015106A07AFB6BB1F /* JSQMessage.h */ = {isa = PBXFileReference; lastKnownFileType = sourcecode.c.h; path = JSQMessage.h; sourceTree = "<group>"; };
		496970C71CABB43F63569DC3 /* JSQMessagesCollectionViewCellIncoming.h */ = {isa = PBXFileReference; lastKnownFileType = sourcecode.c.h; path = JSQMessagesCollectionViewCellIncoming.h; sourceTree = "<group>"; };
		4D6ECCA5D75DD15B0A0F6BF9 /* JSQMessages.h */ = {isa = PBXFileReference; lastKnownFileType = sourcecode.c.h; path = JSQMessages.h; sourceTree = "<group>"; };
		4DCD58602AE56F4807EF4498 /* JSQMessagesLoadEarlierHeaderView.m */ = {isa = PBXFileReference; lastKnownFileType = sourcecode.c.objc; path = JSQMessagesLoadEarlierHeaderView.m; sourceTree = "<group>"; };
		4EF3797E7569AFEAEF105D07 /* JSQMessagesBubbleImageFactory.m */ = {isa = PBXFileReference; lastKnownFileType = sourcecode.c.objc; path = JSQMessagesBubbleImageFactory.m; sourceTree = "<group>"; };
		53D1B532BA29A29E1C30043A /* JSQMessageBubbleImageDataSource.h */ = {isa = PBXFileReference; lastKnownFileType = sourcecode.c.h; path = JSQMessageBubbleImageDataSource.h; sourceTree = "<group>"; };
		540C600E1ECD80FCBD853BC9 /* JSQMessagesInputToolbar.h */ = {isa = PBXFileReference; lastKnownFileType = sourcecode.c.h; path = JSQMessagesInputToolbar.h; sourceTree = "<group>"; };
		5462D76E5AB0C1A2800D5011 /* UIImage+JSQMessages.h */ = {isa = PBXFileReference; lastKnownFileType = sourcecode.c.h; path = "UIImage+JSQMessages.h"; sourceTree = "<group>"; };
		56A9A3579DF6FB268E283A91 /* JSQMessagesBubbleSizeCalculating.h */ = {isa = PBXFileReference; lastKnownFileType = sourcecode.c.h; path = JSQMessagesBubbleSizeCalculating.h; sourceTree = "<group>"; };
		5915C5851EDEB9F50A8A839F /* JSQMessagesCellTextView.h */ = {isa = PBXFileReference; lastKnownFileType = sourcecode.c.h; path = JSQMessagesCellTextView.h; sourceTree = "<group>"; };
		599D660C5503CB66132CA6B9 /* JSQMessagesAvatarImageFactory.m */ = {isa = PBXFileReference; lastKnownFileType = sourcecode.c.objc; path = JSQMessagesAvatarImageFactory.m; sourceTree = "<group>"; };
		5A7D4089E0789F4D9EF96330 /* JSQMessagesCollectionViewCell.h */ = {isa = PBXFileReference; lastKnownFileType = sourcecode.c.h; path = JSQMessagesCollectionViewCell.h; sourceTree = "<group>"; };
		601679BB5BB9894C7B05101B /* JSQMessagesLabel.h */ = {isa = PBXFileReference; lastKnownFileType = sourcecode.c.h; path = JSQMessagesLabel.h; sourceTree = "<group>"; };
		614A04BB6C695C51D3D3B56D /* JSQMessagesTypingView.h */ = {isa = PBXFileReference; lastKnownFileType = sourcecode.c.h; path = JSQMessagesTypingView.h; sourceTree = "<group>"; };
		622945986712E3EBDF290307 /* JSQMessagesToolbarContentView.h */ = {isa = PBXFileReference; lastKnownFileType = sourcecode.c.h; path = JSQMessagesToolbarContentView.h; sourceTree = "<group>"; };
		63E64E15DA89F5D512C5A12F /* JSQMessagesToolbarContentView.xib */ = {isa = PBXFileReference; lastKnownFileType = file.xib; path = JSQMessagesToolbarContentView.xib; sourceTree = "<group>"; };
		644F1E512276BE9C7460A052 /* JSQMessagesTypingIndicatorFooterView.h */ = {isa = PBXFileReference; lastKnownFileType = sourcecode.c.h; path = JSQMessagesTypingIndicatorFooterView.h; sourceTree = "<group>"; };
		6626BA26868F1A19BFF4F7DD /* JSQMessagesCollectionViewFlowLayoutInvalidationContext.h */ = {isa = PBXFileReference; lastKnownFileType = sourcecode.c.h; path = JSQMessagesCollectionViewFlowLayoutInvalidationContext.h; sourceTree = "<group>"; };
		6B125D06E0CF998A4FFFB326 /* JSQMessagesCollectionView.h */ = {isa = PBXFileReference; lastKnownFileType = sourcecode.c.h; path = JSQMessagesCollectionView.h; sourceTree = "<group>"; };
		6FFA3631C4A09E1488366B5C /* JSQMessagesBubblesSizeCalculator.h */ = {isa = PBXFileReference; lastKnownFileType = sourcecode.c.h; path = JSQMessagesBubblesSizeCalculator.h; sourceTree = "<group>"; };
		7A172F598724C049171DDB6D /* JSQMessagesLoadEarlierHeaderView.xib */ = {isa = PBXFileReference; lastKnownFileType = file.xib; path = JSQMessagesLoadEarlierHeaderView.xib; sourceTree = "<group>"; };
		7FE277AC4D4832B189DE53C3 /* NSBundle+JSQMessages.m */ = {isa = PBXFileReference; lastKnownFileType = sourcecode.c.objc; path = "NSBundle+JSQMessages.m"; sourceTree = "<group>"; };
		800D1632A518664CF7B61C51 /* JSQMessagesCollectionViewFlowLayout.m */ = {isa = PBXFileReference; lastKnownFileType = sourcecode.c.objc; path = JSQMessagesCollectionViewFlowLayout.m; sourceTree = "<group>"; };
		80AF56438887F97CCE58781E /* JSQMessagesAvatarImage.h */ = {isa = PBXFileReference; lastKnownFileType = sourcecode.c.h; path = JSQMessagesAvatarImage.h; sourceTree = "<group>"; };
		81529ED3E9FC7E7386B1135E /* JSQMessagesToolbarContentView.m */ = {isa = PBXFileReference; lastKnownFileType = sourcecode.c.objc; path = JSQMessagesToolbarContentView.m; sourceTree = "<group>"; };
		81935F5F6E053DD153178D13 /* JSQAudioMediaViewAttributes.m */ = {isa = PBXFileReference; lastKnownFileType = sourcecode.c.objc; path = JSQAudioMediaViewAttributes.m; sourceTree = "<group>"; };
		82D282F79CA259329315DAEC /* JSQMessageAvatarImageDataSource.h */ = {isa = PBXFileReference; lastKnownFileType = sourcecode.c.h; path = JSQMessageAvatarImageDataSource.h; sourceTree = "<group>"; };
		83FA9F77197034D6F216F6C0 /* JSQMessagesViewController.m */ = {isa = PBXFileReference; lastKnownFileType = sourcecode.c.objc; path = JSQMessagesViewController.m; sourceTree = "<group>"; };
		854E0820E23673B1B78CA97C /* JSQMessagesViewController.xib */ = {isa = PBXFileReference; lastKnownFileType = file.xib; path = JSQMessagesViewController.xib; sourceTree = "<group>"; };
		85AFF1EFBAB5F384B1160C61 /* JSQMessagesTypingIndicatorFooterView.m */ = {isa = PBXFileReference; lastKnownFileType = sourcecode.c.objc; path = JSQMessagesTypingIndicatorFooterView.m; sourceTree = "<group>"; };
		85E720D5099C5BF8CA6DD731 /* JSQMessagesAvatarImageFactory.h */ = {isa = PBXFileReference; lastKnownFileType = sourcecode.c.h; path = JSQMessagesAvatarImageFactory.h; sourceTree = "<group>"; };
		8833191DA959DB5E6CF47F27 /* JSQMessagesInputToolbar.m */ = {isa = PBXFileReference; lastKnownFileType = sourcecode.c.objc; path = JSQMessagesInputToolbar.m; sourceTree = "<group>"; };
		8F05C7E6128AE8DE86F90FD8 /* JSQMessagesBubbleImageFactory.h */ = {isa = PBXFileReference; lastKnownFileType = sourcecode.c.h; path = JSQMessagesBubbleImageFactory.h; sourceTree = "<group>"; };
		940D1BA766CC6666E04EBFB5 /* JSQAudioMediaItem.m */ = {isa = PBXFileReference; lastKnownFileType = sourcecode.c.objc; path = JSQAudioMediaItem.m; sourceTree = "<group>"; };
		94CED28CDF4AA38EC7C80B63 /* JSQMessagesCollectionViewFlowLayout.h */ = {isa = PBXFileReference; lastKnownFileType = sourcecode.c.h; path = JSQMessagesCollectionViewFlowLayout.h; sourceTree = "<group>"; };
		965D8D38D8C89AB1ACFFB736 /* JSQMessagesToolbarButtonFactory.m */ = {isa = PBXFileReference; lastKnownFileType = sourcecode.c.objc; path = JSQMessagesToolbarButtonFactory.m; sourceTree = "<group>"; };
		978D11E0E94AD92885688102 /* JSQMessagesTimestampFormatter.m */ = {isa = PBXFileReference; lastKnownFileType = sourcecode.c.objc; path = JSQMessagesTimestampFormatter.m; sourceTree = "<group>"; };
		9BE6406172F143EE662F492B /* JSQMessagesTimestampFormatter.h */ = {isa = PBXFileReference; lastKnownFileType = sourcecode.c.h; path = JSQMessagesTimestampFormatter.h; sourceTree = "<group>"; };
		A22B0A43523668DCA7F2F4AD /* JSQPhotoMediaItem.h */ = {isa = PBXFileReference; lastKnownFileType = sourcecode.c.h; path = JSQPhotoMediaItem.h; sourceTree = "<group>"; };
		A27AFB93B504E1DB5ED165B9 /* UIView+JSQMessages.m */ = {isa = PBXFileReference; lastKnownFileType = sourcecode.c.objc; path = "UIView+JSQMessages.m"; sourceTree = "<group>"; };
		A30A56AD3EB503C32C83F77E /* JSQMessagesCollectionViewLayoutAttributes.m */ = {isa = PBXFileReference; lastKnownFileType = sourcecode.c.objc; path = JSQMessagesCollectionViewLayoutAttributes.m; sourceTree = "<group>"; };
		A679C1EE95C0CA8BB01B9741 /* JSQAudioMediaViewAttributes.h */ = {isa = PBXFileReference; lastKnownFileType = sourcecode.c.h; path = JSQAudioMediaViewAttributes.h; sourceTree = "<group>"; };
		AEE6F6E9F9549E358A5F1532 /* JSQMessagesBubbleImage.m */ = {isa = PBXFileReference; lastKnownFileType = sourcecode.c.objc; path = JSQMessagesBubbleImage.m; sourceTree = "<group>"; };
		AF5E6A274CBBBA4DFE740F86 /* JSQMessagesMediaPlaceholderView.h */ = {isa = PBXFileReference; lastKnownFileType = sourcecode.c.h; path = JSQMessagesMediaPlaceholderView.h; sourceTree = "<group>"; };
		AFA809C657F6AFA99C7C026C /* JSQMessagesCollectionViewCell.m */ = {isa = PBXFileReference; lastKnownFileType = sourcecode.c.objc; path = JSQMessagesCollectionViewCell.m; sourceTree = "<group>"; };
		BD2AF08AE9F2CDAABD00A304 /* JSQLocationMediaItem.m */ = {isa = PBXFileReference; lastKnownFileType = sourcecode.c.objc; path = JSQLocationMediaItem.m; sourceTree = "<group>"; };
		C16E8AE54D9F7737B049B3E6 /* JSQMessagesCollectionViewFlowLayoutInvalidationContext.m */ = {isa = PBXFileReference; lastKnownFileType = sourcecode.c.objc; path = JSQMessagesCollectionViewFlowLayoutInvalidationContext.m; sourceTree = "<group>"; };
		C4899C389797DCB9211E6EAD /* JSQMessagesCollectionViewCellIncoming.xib */ = {isa = PBXFileReference; lastKnownFileType = file.xib; path = JSQMessagesCollectionViewCellIncoming.xib; sourceTree = "<group>"; };
		C556D29B4FF47DE5F82022A1 /* JSQMessageData.h */ = {isa = PBXFileReference; lastKnownFileType = sourcecode.c.h; path = JSQMessageData.h; sourceTree = "<group>"; };
		C916AF59620E2ECE9442A47D /* JSQLocationMediaItem.h */ = {isa = PBXFileReference; lastKnownFileType = sourcecode.c.h; path = JSQLocationMediaItem.h; sourceTree = "<group>"; };
		D094D3B854028CFDE8592943 /* JSQMessagesCollectionViewCellIncoming.m */ = {isa = PBXFileReference; lastKnownFileType = sourcecode.c.objc; path = JSQMessagesCollectionViewCellIncoming.m; sourceTree = "<group>"; };
		D39E0852B1E19CD560F9416C /* JSQMessagesCollectionViewDataSource.h */ = {isa = PBXFileReference; lastKnownFileType = sourcecode.c.h; path = JSQMessagesCollectionViewDataSource.h; sourceTree = "<group>"; };
		D41AFC7136C0FC989D0CCB50 /* JSQVideoMediaItem.m */ = {isa = PBXFileReference; lastKnownFileType = sourcecode.c.objc; path = JSQVideoMediaItem.m; sourceTree = "<group>"; };
		D96AD2C793F717E4F400893E /* JSQMessagesComposerTextView.h */ = {isa = PBXFileReference; lastKnownFileType = sourcecode.c.h; path = JSQMessagesComposerTextView.h; sourceTree = "<group>"; };
		DB47E6F7E2C3B77D339CBD66 /* JSQVideoMediaItem.h */ = {isa = PBXFileReference; lastKnownFileType = sourcecode.c.h; path = JSQVideoMediaItem.h; sourceTree = "<group>"; };
		DDE4B9213CCA8DE55B22EE2A /* UIView+JSQMessages.h */ = {isa = PBXFileReference; lastKnownFileType = sourcecode.c.h; path = "UIView+JSQMessages.h"; sourceTree = "<group>"; };
		DEC370DF3B0AF6FF2B6039E4 /* JSQMessagesComposerTextView.m */ = {isa = PBXFileReference; lastKnownFileType = sourcecode.c.objc; path = JSQMessagesComposerTextView.m; sourceTree = "<group>"; };
		E023CE11DC425AD67667B1CC /* JSQMediaItem.m */ = {isa = PBXFileReference; lastKnownFileType = sourcecode.c.objc; path = JSQMediaItem.m; sourceTree = "<group>"; };
		E2274BDBED0991A07A2ACB5C /* JSQMessagesCollectionView.m */ = {isa = PBXFileReference; lastKnownFileType = sourcecode.c.objc; path = JSQMessagesCollectionView.m; sourceTree = "<group>"; };
		E394E37E6317E28E7A3BB69F /* JSQMessagesCollectionViewCellOutgoing.m */ = {isa = PBXFileReference; lastKnownFileType = sourcecode.c.objc; path = JSQMessagesCollectionViewCellOutgoing.m; sourceTree = "<group>"; };
		EC6D3FD0373AA49577830131 /* NSBundle+JSQMessages.h */ = {isa = PBXFileReference; lastKnownFileType = sourcecode.c.h; path = "NSBundle+JSQMessages.h"; sourceTree = "<group>"; };
		EE55BDF982D5DBCB4CA378A7 /* JSQMessagesViewController.framework */ = {isa = PBXFileReference; explicitFileType = wrapper.framework; includeInIndex = 0; path = JSQMessagesViewController.framework; sourceTree = BUILT_PRODUCTS_DIR; };
		EF53367F2098FC30F12265A1 /* JSQMessagesMediaViewBubbleImageMasker.m */ = {isa = PBXFileReference; lastKnownFileType = sourcecode.c.objc; path = JSQMessagesMediaViewBubbleImageMasker.m; sourceTree = "<group>"; };
		F0AD69A66FA114A3D320AC07 /* JSQMessagesAssets.bundle */ = {isa = PBXFileReference; lastKnownFileType = "wrapper.plug-in"; path = JSQMessagesAssets.bundle; sourceTree = "<group>"; };
		F16B49FD473CEFC03CFF8643 /* JSQMessagesCollectionViewCellOutgoing.xib */ = {isa = PBXFileReference; lastKnownFileType = file.xib; path = JSQMessagesCollectionViewCellOutgoing.xib; sourceTree = "<group>"; };
		F7A1E8BF866887DA155FD1E0 /* NSString+JSQMessages.m */ = {isa = PBXFileReference; lastKnownFileType = sourcecode.c.objc; path = "NSString+JSQMessages.m"; sourceTree = "<group>"; };
		FB90EE5ACD5AD9D49FAE1BCF /* UIColor+JSQMessages.m */ = {isa = PBXFileReference; lastKnownFileType = sourcecode.c.objc; path = "UIColor+JSQMessages.m"; sourceTree = "<group>"; };
		FEDFA7EB3230A889B94EE137 /* JSQMessagesBubblesSizeCalculator.m */ = {isa = PBXFileReference; lastKnownFileType = sourcecode.c.objc; path = JSQMessagesBubblesSizeCalculator.m; sourceTree = "<group>"; };
/* End PBXFileReference section */

/* Begin PBXGroup section */
		038622B17125C078172A8A04 /* Categories */ = {
			isa = PBXGroup;
			children = (
				EC6D3FD0373AA49577830131 /* NSBundle+JSQMessages.h */,
				7FE277AC4D4832B189DE53C3 /* NSBundle+JSQMessages.m */,
				41155EB0B0E6A1256CA107DD /* NSString+JSQMessages.h */,
				F7A1E8BF866887DA155FD1E0 /* NSString+JSQMessages.m */,
				38EF39CCAD06391FD1F67C5B /* UIColor+JSQMessages.h */,
				FB90EE5ACD5AD9D49FAE1BCF /* UIColor+JSQMessages.m */,
				5462D76E5AB0C1A2800D5011 /* UIImage+JSQMessages.h */,
				1EBC7417816D7D8970F3970E /* UIImage+JSQMessages.m */,
				DDE4B9213CCA8DE55B22EE2A /* UIView+JSQMessages.h */,
				A27AFB93B504E1DB5ED165B9 /* UIView+JSQMessages.m */,
			);
			path = Categories;
			sourceTree = "<group>";
		};
		038F77EEA71B603CBAF098CD /* Products */ = {
			isa = PBXGroup;
			children = (
				EE55BDF982D5DBCB4CA378A7 /* JSQMessagesViewController.framework */,
			);
			name = Products;
			sourceTree = "<group>";
		};
		237A8C18866C39D66C1894D4 = {
			isa = PBXGroup;
			children = (
				50A2925641ECA481593FE413 /* JSQMessagesViewController */,
				038F77EEA71B603CBAF098CD /* Products */,
			);
			sourceTree = "<group>";
		};
		2BE38964995F0427BB216B83 /* Controllers */ = {
			isa = PBXGroup;
			children = (
				3B019366E6A0309AEB0FE30E /* JSQMessagesViewController.h */,
				83FA9F77197034D6F216F6C0 /* JSQMessagesViewController.m */,
				854E0820E23673B1B78CA97C /* JSQMessagesViewController.xib */,
			);
			path = Controllers;
			sourceTree = "<group>";
		};
		50A2925641ECA481593FE413 /* JSQMessagesViewController */ = {
			isa = PBXGroup;
			children = (
				4D6ECCA5D75DD15B0A0F6BF9 /* JSQMessages.h */,
				7778B52423B37082D6FB4B57 /* Assets */,
				038622B17125C078172A8A04 /* Categories */,
				2BE38964995F0427BB216B83 /* Controllers */,
				7F25CC5668F321C947F3FEB8 /* Factories */,
				C788B10E1DCACDF3764394DD /* Layout */,
				E6573C892D1819A4B8228F20 /* Model */,
				FFDF1586F71D82A4C647AE6F /* Views */,
			);
			path = JSQMessagesViewController;
			sourceTree = "<group>";
		};
		7778B52423B37082D6FB4B57 /* Assets */ = {
			isa = PBXGroup;
			children = (
				F0AD69A66FA114A3D320AC07 /* JSQMessagesAssets.bundle */,
			);
			path = Assets;
			sourceTree = "<group>";
		};
		7F25CC5668F321C947F3FEB8 /* Factories */ = {
			isa = PBXGroup;
			children = (
				85E720D5099C5BF8CA6DD731 /* JSQMessagesAvatarImageFactory.h */,
				599D660C5503CB66132CA6B9 /* JSQMessagesAvatarImageFactory.m */,
				8F05C7E6128AE8DE86F90FD8 /* JSQMessagesBubbleImageFactory.h */,
				4EF3797E7569AFEAEF105D07 /* JSQMessagesBubbleImageFactory.m */,
				0541504ED6CDFE6CFC7F694E /* JSQMessagesMediaViewBubbleImageMasker.h */,
				EF53367F2098FC30F12265A1 /* JSQMessagesMediaViewBubbleImageMasker.m */,
				9BE6406172F143EE662F492B /* JSQMessagesTimestampFormatter.h */,
				978D11E0E94AD92885688102 /* JSQMessagesTimestampFormatter.m */,
				39C69C78FE25A950A83EA40C /* JSQMessagesToolbarButtonFactory.h */,
				965D8D38D8C89AB1ACFFB736 /* JSQMessagesToolbarButtonFactory.m */,
				27289675E38C683218394AD8 /* JSQMessagesVideoThumbnailFactory.h */,
				3204F2E73D9FF7AF7F50269D /* JSQMessagesVideoThumbnailFactory.m */,
			);
			path = Factories;
			sourceTree = "<group>";
		};
		C788B10E1DCACDF3764394DD /* Layout */ = {
			isa = PBXGroup;
			children = (
				A679C1EE95C0CA8BB01B9741 /* JSQAudioMediaViewAttributes.h */,
				81935F5F6E053DD153178D13 /* JSQAudioMediaViewAttributes.m */,
				56A9A3579DF6FB268E283A91 /* JSQMessagesBubbleSizeCalculating.h */,
				6FFA3631C4A09E1488366B5C /* JSQMessagesBubblesSizeCalculator.h */,
				FEDFA7EB3230A889B94EE137 /* JSQMessagesBubblesSizeCalculator.m */,
				94CED28CDF4AA38EC7C80B63 /* JSQMessagesCollectionViewFlowLayout.h */,
				800D1632A518664CF7B61C51 /* JSQMessagesCollectionViewFlowLayout.m */,
				6626BA26868F1A19BFF4F7DD /* JSQMessagesCollectionViewFlowLayoutInvalidationContext.h */,
				C16E8AE54D9F7737B049B3E6 /* JSQMessagesCollectionViewFlowLayoutInvalidationContext.m */,
				052DEF2C4A70A4567F5D7CC5 /* JSQMessagesCollectionViewLayoutAttributes.h */,
				A30A56AD3EB503C32C83F77E /* JSQMessagesCollectionViewLayoutAttributes.m */,
			);
			path = Layout;
			sourceTree = "<group>";
		};
		E6573C892D1819A4B8228F20 /* Model */ = {
			isa = PBXGroup;
			children = (
				3C73017703F027DEDBB87714 /* JSQAudioMediaItem.h */,
				940D1BA766CC6666E04EBFB5 /* JSQAudioMediaItem.m */,
				C916AF59620E2ECE9442A47D /* JSQLocationMediaItem.h */,
				BD2AF08AE9F2CDAABD00A304 /* JSQLocationMediaItem.m */,
				09F2A2D3E2073C87572D9D90 /* JSQMediaItem.h */,
				E023CE11DC425AD67667B1CC /* JSQMediaItem.m */,
				44A9515015106A07AFB6BB1F /* JSQMessage.h */,
				39FF1D2E470276D834AAE9BF /* JSQMessage.m */,
				82D282F79CA259329315DAEC /* JSQMessageAvatarImageDataSource.h */,
				53D1B532BA29A29E1C30043A /* JSQMessageBubbleImageDataSource.h */,
				C556D29B4FF47DE5F82022A1 /* JSQMessageData.h */,
				3F2D8A5987452DEDCA4B305D /* JSQMessageMediaData.h */,
				80AF56438887F97CCE58781E /* JSQMessagesAvatarImage.h */,
				3FF32297B6A159009368D342 /* JSQMessagesAvatarImage.m */,
				0578BD41E098F5B569EF12AE /* JSQMessagesBubbleImage.h */,
				AEE6F6E9F9549E358A5F1532 /* JSQMessagesBubbleImage.m */,
				D39E0852B1E19CD560F9416C /* JSQMessagesCollectionViewDataSource.h */,
				39D4AB345A047B9DB6CE042A /* JSQMessagesCollectionViewDelegateFlowLayout.h */,
				1BBEE654D344393C15AD8542 /* JSQMessagesViewAccessoryButtonDelegate.h */,
				A22B0A43523668DCA7F2F4AD /* JSQPhotoMediaItem.h */,
				1025B7789100F26D0DA5FF4E /* JSQPhotoMediaItem.m */,
				DB47E6F7E2C3B77D339CBD66 /* JSQVideoMediaItem.h */,
				D41AFC7136C0FC989D0CCB50 /* JSQVideoMediaItem.m */,
			);
			path = Model;
			sourceTree = "<group>";
		};
		FFDF1586F71D82A4C647AE6F /* Views */ = {
			isa = PBXGroup;
			children = (
				5915C5851EDEB9F50A8A839F /* JSQMessagesCellTextView.h */,
				3080950AF0E80E2A66E7148B /* JSQMessagesCellTextView.m */,
				6B125D06E0CF998A4FFFB326 /* JSQMessagesCollectionView.h */,
				E2274BDBED0991A07A2ACB5C /* JSQMessagesCollectionView.m */,
				5A7D4089E0789F4D9EF96330 /* JSQMessagesCollectionViewCell.h */,
				AFA809C657F6AFA99C7C026C /* JSQMessagesCollectionViewCell.m */,
				496970C71CABB43F63569DC3 /* JSQMessagesCollectionViewCellIncoming.h */,
				D094D3B854028CFDE8592943 /* JSQMessagesCollectionViewCellIncoming.m */,
				C4899C389797DCB9211E6EAD /* JSQMessagesCollectionViewCellIncoming.xib */,
				0A99B61A3E0C4630018F69CA /* JSQMessagesCollectionViewCellOutgoing.h */,
				E394E37E6317E28E7A3BB69F /* JSQMessagesCollectionViewCellOutgoing.m */,
				F16B49FD473CEFC03CFF8643 /* JSQMessagesCollectionViewCellOutgoing.xib */,
				D96AD2C793F717E4F400893E /* JSQMessagesComposerTextView.h */,
				DEC370DF3B0AF6FF2B6039E4 /* JSQMessagesComposerTextView.m */,
				540C600E1ECD80FCBD853BC9 /* JSQMessagesInputToolbar.h */,
				8833191DA959DB5E6CF47F27 /* JSQMessagesInputToolbar.m */,
				601679BB5BB9894C7B05101B /* JSQMessagesLabel.h */,
				1E7748B91783CA18CA6F628C /* JSQMessagesLabel.m */,
				41626F65499FB96D76B7C409 /* JSQMessagesLoadEarlierHeaderView.h */,
				4DCD58602AE56F4807EF4498 /* JSQMessagesLoadEarlierHeaderView.m */,
				7A172F598724C049171DDB6D /* JSQMessagesLoadEarlierHeaderView.xib */,
				AF5E6A274CBBBA4DFE740F86 /* JSQMessagesMediaPlaceholderView.h */,
				3B9A777EC28EB93D11250CBA /* JSQMessagesMediaPlaceholderView.m */,
				622945986712E3EBDF290307 /* JSQMessagesToolbarContentView.h */,
				81529ED3E9FC7E7386B1135E /* JSQMessagesToolbarContentView.m */,
				63E64E15DA89F5D512C5A12F /* JSQMessagesToolbarContentView.xib */,
				644F1E512276BE9C7460A052 /* JSQMessagesTypingIndicatorFooterView.h */,
				85AFF1EFBAB5F384B1160C61 /* JSQMessagesTypingIndicatorFooterView.m */,
				38C35AA6DDDDFC83725040E7 /* JSQMessagesTypingIndicatorFooterView.xib */,
				614A04BB6C695C51D3D3B56D /* JSQMessagesTypingView.h */,
				03E08CE4148B58E8A335CE08 /* JSQMessagesTypingView.m */,
			);
			path = Views;
			sourceTree = "<group>";
		};
/* End PBXGroup section */

/* Begin PBXHeadersBuildPhase section */
		20C95D42DBEFD645B4741DF2 /* Headers */ = {
			isa = PBXHeadersBuildPhase;
			buildActionMask = 2147483647;
			files = (
				C280D55C6D58AA39A3DC3496 /* JSQAudioMediaItem.h in Headers */,
				DBD51018E7EC6FF290F2D101 /* JSQAudioMediaViewAttributes.h in Headers */,
				980EA741376B316772496EB7 /* JSQLocationMediaItem.h in Headers */,
				CC4504C253707DFA0F90E2EA /* JSQMediaItem.h in Headers */,
				C6193E286266FE37DBF098FF /* JSQMessage.h in Headers */,
				CEECD460F215CF4DE335DD8D /* JSQMessageAvatarImageDataSource.h in Headers */,
				C358FD75A3A3B16604B4EF01 /* JSQMessageBubbleImageDataSource.h in Headers */,
				880831A6725EA6DF6667A46A /* JSQMessageData.h in Headers */,
				67B3A4995662BD7377C41DA2 /* JSQMessageMediaData.h in Headers */,
				C3C8305DD730E00C2C07E056 /* JSQMessages.h in Headers */,
				2734C5D0B7B9F2631F06C577 /* JSQMessagesAvatarImage.h in Headers */,
				700F758E39A2F60BD9918FA7 /* JSQMessagesAvatarImageFactory.h in Headers */,
				5518EFB06158F9576A18601A /* JSQMessagesBubbleImage.h in Headers */,
				81BC8FC3B5DB1C6140BE2261 /* JSQMessagesBubbleImageFactory.h in Headers */,
				2A972603DAA95398418D36ED /* JSQMessagesBubbleSizeCalculating.h in Headers */,
				641E143D1F6DA38467C54004 /* JSQMessagesBubblesSizeCalculator.h in Headers */,
				2325E4B07DABA6AE493D8A93 /* JSQMessagesCellTextView.h in Headers */,
				F018F3F47F79CA518D6379C6 /* JSQMessagesCollectionView.h in Headers */,
				E7A1FBBC0BDB9BEC6C98540A /* JSQMessagesCollectionViewCell.h in Headers */,
				57868A2E7EB50F1EF6686492 /* JSQMessagesCollectionViewCellIncoming.h in Headers */,
				31A8E66243EEF35EA3A47C48 /* JSQMessagesCollectionViewCellOutgoing.h in Headers */,
				58EA935AAC8A66E742A99B02 /* JSQMessagesCollectionViewDataSource.h in Headers */,
				7236C4570E26F33EC4BF061F /* JSQMessagesCollectionViewDelegateFlowLayout.h in Headers */,
				87A6B5202194365830FB8E59 /* JSQMessagesCollectionViewFlowLayout.h in Headers */,
				968C5078C29CC62539C1A28C /* JSQMessagesCollectionViewFlowLayoutInvalidationContext.h in Headers */,
				A6F1FD7B8F28231010058DE1 /* JSQMessagesCollectionViewLayoutAttributes.h in Headers */,
				879EC0A9C24F293100075AAA /* JSQMessagesComposerTextView.h in Headers */,
				A7A20A71F3B8653BFECE4B6B /* JSQMessagesInputToolbar.h in Headers */,
				132E1D566284B3200ABEB92A /* JSQMessagesLabel.h in Headers */,
				5B1448969BB5BD92756DE363 /* JSQMessagesLoadEarlierHeaderView.h in Headers */,
				FCCA9AE46FC9EFF0C8BA4F8F /* JSQMessagesMediaPlaceholderView.h in Headers */,
				8C7668E5CD4D4A36C95EB598 /* JSQMessagesMediaViewBubbleImageMasker.h in Headers */,
				51502CBF83F600C437602A3E /* JSQMessagesTimestampFormatter.h in Headers */,
				1F3AE507F4ABEC169AF1EDE2 /* JSQMessagesToolbarButtonFactory.h in Headers */,
				E0C81BCF4DE264808EFB185F /* JSQMessagesToolbarContentView.h in Headers */,
				3C7729CEA9EF943122C000DF /* JSQMessagesTypingIndicatorFooterView.h in Headers */,
				483C3122892C0B3C5E8D0A49 /* JSQMessagesTypingView.h in Headers */,
				2CEB3EC13653B1EC1C7F3A96 /* JSQMessagesVideoThumbnailFactory.h in Headers */,
				21F55BCF11BEABC80C5F2914 /* JSQMessagesViewAccessoryButtonDelegate.h in Headers */,
				B8521AC74A109362EB5A0870 /* JSQMessagesViewController.h in Headers */,
				D510F6C8FDE9B3EFBE7D6979 /* JSQPhotoMediaItem.h in Headers */,
				BDD3EF0B36B017EBDB5C341C /* JSQVideoMediaItem.h in Headers */,
				98B23DC087476FD69F790089 /* NSBundle+JSQMessages.h in Headers */,
				086AB382D6D9AE48A146869B /* NSString+JSQMessages.h in Headers */,
				5B03E51176C4D837178AC759 /* UIColor+JSQMessages.h in Headers */,
				8F8AE7EA9822F6BBB1323B6D /* UIImage+JSQMessages.h in Headers */,
				1AE7E56ACD3304DA920E48F2 /* UIView+JSQMessages.h in Headers */,
			);
			runOnlyForDeploymentPostprocessing = 0;
		};
/* End PBXHeadersBuildPhase section */

/* Begin PBXNativeTarget section */
		945666E8168F37327F04AF48 /* JSQMessagesViewController */ = {
			isa = PBXNativeTarget;
			buildConfigurationList = 4E0FB8068B28B20D4BBF063F /* Build configuration list for PBXNativeTarget "JSQMessagesViewController" */;
			buildPhases = (
				20C95D42DBEFD645B4741DF2 /* Headers */,
				354110E555E0B1CF033ADB4F /* Sources */,
				F0794FC2A7DAD3F9D193EBF5 /* Resources */,
			);
			buildRules = (
			);
			dependencies = (
			);
			name = JSQMessagesViewController;
			productName = JSQMessagesViewController;
			productReference = EE55BDF982D5DBCB4CA378A7 /* JSQMessagesViewController.framework */;
			productType = "com.apple.product-type.framework";
		};
/* End PBXNativeTarget section */

/* Begin PBXProject section */
		344D79C6F7AFE06304E13420 /* Project object */ = {
			isa = PBXProject;
			attributes = {
				LastUpgradeCheck = 1020;
			};
			buildConfigurationList = 78FC65F806867F678DC4F8B8 /* Build configuration list for PBXProject "JSQMessagesViewController" */;
			compatibilityVersion = "Xcode 10.0";
			developmentRegion = en;
			hasScannedForEncodings = 0;
			knownRegions = (
				en,
			);
			mainGroup = 237A8C18866C39D66C1894D4;
			projectDirPath = "";
			projectRoot = "";
			targets = (
				945666E8168F37327F04AF48 /* JSQMessagesViewController */,
			);
		};
/* End PBXProject section */

/* Begin PBXResourcesBuildPhase section */
		F0794FC2A7DAD3F9D193EBF5 /* Resources */ = {
			isa = PBXResourcesBuildPhase;
			buildActionMask = 2147483647;
			files = (
				BDDB4CFE52E9DCF558E00755 /* JSQMessagesAssets.bundle in Resources */,
				81F92DDF87D98D90DE1D1716 /* JSQMessagesCollectionViewCellIncoming.xib in Resources */,
				C640999A2A3D2031A8F6BBC2 /* JSQMessagesCollectionViewCellOutgoing.xib in Resources */,
				56353A8D06D8BC54FC3112F9 /* JSQMessagesLoadEarlierHeaderView.xib in Resources */,
				3EFEB74618EA31F79B2C9331 /* JSQMessagesToolbarContentView.xib in Resources */,
				69972AB040740ED2548FE82E /* JSQMessagesTypingIndicatorFooterView.xib in Resources */,
				2A931DFD92B243D9AA04B52E /* JSQMessagesViewController.xib in Resources */,
			);
			runOnlyForDeploymentPostprocessing = 0;
		};
/* End PBXResourcesBuildPhase section */

/* Begin PBXSourcesBuildPhase section */
		354110E555E0B1CF033ADB4F /* Sources */ = {
			isa = PBXSourcesBuildPhase;
			buildActionMask = 2147483647;
			files = (
				611F27483EDCF0D44EE77615 /* JSQAudioMediaItem.m in Sources */,
				C70439ADBA422E1D3D1ADEB9 /* JSQAudioMediaViewAttributes.m in Sources */,
				039DED2D62B5168C5098E813 /* JSQLocationMediaItem.m in Sources */,
				DF2BE8AAD2097B021F9A4FEC /* JSQMediaItem.m in Sources */,
				94A9FCD4961DBB1017475064 /* JSQMessage.m in Sources */,
				BBF8FD07C448A354DCDA441D /* JSQMessagesAvatarImage.m in Sources */,
				635002251D763E3610438D08 /* JSQMessagesAvatarImageFactory.m in Sources */,
				48228CB0C3937A720014E74A /* JSQMessagesBubbleImage.m in Sources */,
				C027C0224A8896C1F809C40B /* JSQMessagesBubbleImageFactory.m in Sources */,
				1A0DB1CC55233BCF571A2EF8 /* JSQMessagesBubblesSizeCalculator.m in Sources */,
				9F5A3E6B6D8DE11E1C47B876 /* JSQMessagesCellTextView.m in Sources */,
				007F5C4911F25B16842ED154 /* JSQMessagesCollectionView.m in Sources */,
				4AE338B28144215904F4C08B /* JSQMessagesCollectionViewCell.m in Sources */,
				C170D4FAEB5EEF0E8DE1F854 /* JSQMessagesCollectionViewCellIncoming.m in Sources */,
				DD75F2E9C2C973EAE692793B /* JSQMessagesCollectionViewCellOutgoing.m in Sources */,
				6FF66606BA9ECD2825F61E70 /* JSQMessagesCollectionViewFlowLayout.m in Sources */,
				22726E8C113CFDD337E3D719 /* JSQMessagesCollectionViewFlowLayoutInvalidationContext.m in Sources */,
				05212EA60020879B02969987 /* JSQMessagesCollectionViewLayoutAttributes.m in Sources */,
				D81ED42EF6B4B75F3F7861FF /* JSQMessagesComposerTextView.m in Sources */,
				719F1E14DD04C56135338904 /* JSQMessagesInputToolbar.m in Sources */,
				C73C3CC22DABBFCDD98B8BDF /* JSQMessagesLabel.m in Sources */,
				32F957AF2C04430C66468259 /* JSQMessagesLoadEarlierHeaderView.m in Sources */,
				227AE591E841AC329AE223BF /* JSQMessagesMediaPlaceholderView.m in Sources */,
				B63C3341D92A5DAD2ECBF292 /* JSQMessagesMediaViewBubbleImageMasker.m in Sources */,
				2FE6C998BD5CFD999B3A1D4B /* JSQMessagesTimestampFormatter.m in Sources */,
				FF6E49757C1330F3EA3AC677 /* JSQMessagesToolbarButtonFactory.m in Sources */,
				80FA946A0175D3ADD125DFFC /* JSQMessagesToolbarContentView.m in Sources */,
				EC63C5C2A24970471E3B6483 /* JSQMessagesTypingIndicatorFooterView.m in Sources */,
				6E1B68FD241A4541E4AB488A /* JSQMessagesTypingView.m in Sources */,
				1F410A96A57C190962B49064 /* JSQMessagesVideoThumbnailFactory.m in Sources */,
				7D13F76EE6B4D1AFE603AD0A /* JSQMessagesViewController.m in Sources */,
				33332248757317D63604AE53 /* JSQPhotoMediaItem.m in Sources */,
				CC2F3D8367AE39D64CE856D9 /* JSQVideoMediaItem.m in Sources */,
				6CE19A503C2371855156AE7D /* NSBundle+JSQMessages.m in Sources */,
				B0968D5A1C44DCC93210543B /* NSString+JSQMessages.m in Sources */,
				5CD1A1F0FCC106F25920C3FF /* UIColor+JSQMessages.m in Sources */,
				C8984B7F57D8C770A151074A /* UIImage+JSQMessages.m in Sources */,
				A9AEDF6B2B2E282EED43AC27 /* UIView+JSQMessages.m in Sources */,
			);
			runOnlyForDeploymentPostprocessing = 0;
		};
/* End PBXSourcesBuildPhase section */

/* Begin XCBuildConfiguration section */
		1BE6029A4D3F4C5710BEEC96 /* Debug */ = {
			isa = XCBuildConfiguration;
			buildSettings = {
				CODE_SIGN_IDENTITY = "";
				CURRENT_PROJECT_VERSION = 1;
				DEFINES_MODULE = YES;
				DYLIB_COMPATIBILITY_VERSION = 1;
				DYLIB_CURRENT_VERSION = 1;
				DYLIB_INSTALL_NAME_BASE = "@rpath";
				INSTALL_PATH = "$(LOCAL_LIBRARY_DIR)/Frameworks";
				LD_RUNPATH_SEARCH_PATHS = "$(inherited) @executable_path/Frameworks";
				PRODUCT_BUNDLE_IDENTIFIER = com.hexedbits.JSQMessages.JSQMessagesViewController;
				SDKROOT = iphoneos;
				SKIP_INSTALL = YES;
				TARGETED_DEVICE_FAMILY = "1,2";
				VERSIONING_SYSTEM = "apple-generic";
			};
			name = Debug;
		};
		1E4F85445332E38F5744DB4D /* Debug */ = {
			isa = XCBuildConfiguration;
			buildSettings = {
				ALWAYS_SEARCH_USER_PATHS = NO;
				CLANG_ANALYZER_NONNULL = YES;
				CLANG_ANALYZER_NUMBER_OBJECT_CONVERSION = YES_AGGRESSIVE;
				CLANG_CXX_LANGUAGE_STANDARD = "gnu++14";
				CLANG_CXX_LIBRARY = "libc++";
				CLANG_ENABLE_MODULES = YES;
				CLANG_ENABLE_OBJC_ARC = YES;
				CLANG_WARN_BLOCK_CAPTURE_AUTORELEASING = YES;
				CLANG_WARN_BOOL_CONVERSION = YES;
				CLANG_WARN_COMMA = YES;
				CLANG_WARN_CONSTANT_CONVERSION = YES;
				CLANG_WARN_DEPRECATED_OBJC_IMPLEMENTATIONS = YES;
				CLANG_WARN_DIRECT_OBJC_ISA_USAGE = YES_ERROR;
				CLANG_WARN_DOCUMENTATION_COMMENTS = YES;
				CLANG_WARN_EMPTY_BODY = YES;
				CLANG_WARN_ENUM_CONVERSION = YES;
				CLANG_WARN_INFINITE_RECURSION = YES;
				CLANG_WARN_INT_CONVERSION = YES;
				CLANG_WARN_NON_LITERAL_NULL_CONVERSION = YES;
				CLANG_WARN_OBJC_IMPLICIT_RETAIN_SELF = YES;
				CLANG_WARN_OBJC_LITERAL_CONVERSION = YES;
				CLANG_WARN_OBJC_ROOT_CLASS = YES_ERROR;
				CLANG_WARN_RANGE_LOOP_ANALYSIS = YES;
				CLANG_WARN_STRICT_PROTOTYPES = YES;
				CLANG_WARN_SUSPICIOUS_MOVE = YES;
				CLANG_WARN_UNGUARDED_AVAILABILITY = YES_AGGRESSIVE;
				CLANG_WARN_UNREACHABLE_CODE = YES;
				CLANG_WARN__DUPLICATE_METHOD_MATCH = YES;
				COPY_PHASE_STRIP = NO;
				DEBUG_INFORMATION_FORMAT = dwarf;
				ENABLE_STRICT_OBJC_MSGSEND = YES;
				ENABLE_TESTABILITY = YES;
				GCC_C_LANGUAGE_STANDARD = gnu11;
				GCC_DYNAMIC_NO_PIC = NO;
				GCC_NO_COMMON_BLOCKS = YES;
				GCC_OPTIMIZATION_LEVEL = 0;
				GCC_PREPROCESSOR_DEFINITIONS = (
					"$(inherited)",
					"DEBUG=1",
				);
				GCC_WARN_64_TO_32_BIT_CONVERSION = YES;
				GCC_WARN_ABOUT_RETURN_TYPE = YES_ERROR;
				GCC_WARN_UNDECLARED_SELECTOR = YES;
				GCC_WARN_UNINITIALIZED_AUTOS = YES_AGGRESSIVE;
				GCC_WARN_UNUSED_FUNCTION = YES;
				GCC_WARN_UNUSED_VARIABLE = YES;
				IPHONEOS_DEPLOYMENT_TARGET = 11.0;
				MTL_ENABLE_DEBUG_INFO = YES;
				ONLY_ACTIVE_ARCH = YES;
				PRODUCT_NAME = "$(TARGET_NAME)";
				SDKROOT = iphoneos;
				SWIFT_ACTIVE_COMPILATION_CONDITIONS = DEBUG;
				SWIFT_OPTIMIZATION_LEVEL = "-Onone";
				SWIFT_VERSION = 5.0;
			};
			name = Debug;
		};
		BE20E87D05EA1FE099B008D4 /* Release */ = {
			isa = XCBuildConfiguration;
			buildSettings = {
				CODE_SIGN_IDENTITY = "";
				CURRENT_PROJECT_VERSION = 1;
				DEFINES_MODULE = YES;
				DYLIB_COMPATIBILITY_VERSION = 1;
				DYLIB_CURRENT_VERSION = 1;
				DYLIB_INSTALL_NAME_BASE = "@rpath";
				INSTALL_PATH = "$(LOCAL_LIBRARY_DIR)/Frameworks";
				LD_RUNPATH_SEARCH_PATHS = "$(inherited) @executable_path/Frameworks";
				PRODUCT_BUNDLE_IDENTIFIER = com.hexedbits.JSQMessages.JSQMessagesViewController;
				SDKROOT = iphoneos;
				SKIP_INSTALL = YES;
				TARGETED_DEVICE_FAMILY = "1,2";
				VERSIONING_SYSTEM = "apple-generic";
			};
			name = Release;
		};
		C144BB7C2D8D7B5DD332E187 /* Release */ = {
			isa = XCBuildConfiguration;
			buildSettings = {
				ALWAYS_SEARCH_USER_PATHS = NO;
				CLANG_ANALYZER_NONNULL = YES;
				CLANG_ANALYZER_NUMBER_OBJECT_CONVERSION = YES_AGGRESSIVE;
				CLANG_CXX_LANGUAGE_STANDARD = "gnu++14";
				CLANG_CXX_LIBRARY = "libc++";
				CLANG_ENABLE_MODULES = YES;
				CLANG_ENABLE_OBJC_ARC = YES;
				CLANG_WARN_BLOCK_CAPTURE_AUTORELEASING = YES;
				CLANG_WARN_BOOL_CONVERSION = YES;
				CLANG_WARN_COMMA = YES;
				CLANG_WARN_CONSTANT_CONVERSION = YES;
				CLANG_WARN_DEPRECATED_OBJC_IMPLEMENTATIONS = YES;
				CLANG_WARN_DIRECT_OBJC_ISA_USAGE = YES_ERROR;
				CLANG_WARN_DOCUMENTATION_COMMENTS = YES;
				CLANG_WARN_EMPTY_BODY = YES;
				CLANG_WARN_ENUM_CONVERSION = YES;
				CLANG_WARN_INFINITE_RECURSION = YES;
				CLANG_WARN_INT_CONVERSION = YES;
				CLANG_WARN_NON_LITERAL_NULL_CONVERSION = YES;
				CLANG_WARN_OBJC_IMPLICIT_RETAIN_SELF = YES;
				CLANG_WARN_OBJC_LITERAL_CONVERSION = YES;
				CLANG_WARN_OBJC_ROOT_CLASS = YES_ERROR;
				CLANG_WARN_RANGE_LOOP_ANALYSIS = YES;
				CLANG_WARN_STRICT_PROTOTYPES = YES;
				CLANG_WARN_SUSPICIOUS_MOVE = YES;
				CLANG_WARN_UNGUARDED_AVAILABILITY = YES_AGGRESSIVE;
				CLANG_WARN_UNREACHABLE_CODE = YES;
				CLANG_WARN__DUPLICATE_METHOD_MATCH = YES;
				COPY_PHASE_STRIP = NO;
				DEBUG_INFORMATION_FORMAT = "dwarf-with-dsym";
				ENABLE_NS_ASSERTIONS = NO;
				ENABLE_STRICT_OBJC_MSGSEND = YES;
				GCC_C_LANGUAGE_STANDARD = gnu11;
				GCC_NO_COMMON_BLOCKS = YES;
				GCC_WARN_64_TO_32_BIT_CONVERSION = YES;
				GCC_WARN_ABOUT_RETURN_TYPE = YES_ERROR;
				GCC_WARN_UNDECLARED_SELECTOR = YES;
				GCC_WARN_UNINITIALIZED_AUTOS = YES_AGGRESSIVE;
				GCC_WARN_UNUSED_FUNCTION = YES;
				GCC_WARN_UNUSED_VARIABLE = YES;
				IPHONEOS_DEPLOYMENT_TARGET = 11.0;
				PRODUCT_NAME = "$(TARGET_NAME)";
				SDKROOT = iphoneos;
				SWIFT_COMPILATION_MODE = wholemodule;
				SWIFT_VERSION = 5.0;
				VALIDATE_PRODUCT = YES;
			};
			name = Release;
		};
/* End XCBuildConfiguration section */

/* Begin XCConfigurationList section */
		4E0FB8068B28B20D4BBF063F /* Build configuration list for PBXNativeTarget "JSQMessagesViewController" */ = {
			isa = XCConfigurationList;
			buildConfigurations = (
				1BE6029A4D3F4C5710BEEC96 /* Debug */,
				BE20E87D05EA1FE099B008D4 /* Release */,
			);
			defaultConfigurationIsVisible = 0;
			defaultConfigurationName = "";
		};
		78FC65F806867F678DC4F8B8 /* Build configuration list for PBXProject "JSQMessagesViewController" */ = {
			isa = XCConfigurationList;
			buildConfigurations = (
				1E4F85445332E38F5744DB4D /* Debug */,
				C144BB7C2D8D7B5DD332E187 /* Release */,
			);
			defaultConfigurationIsVisible = 0;
			defaultConfigurationName = Debug;
		};
/* End XCConfigurationList section */
	};
	rootObject = 344D79C6F7AFE06304E13420 /* Project object */;
}
